
Microsoft Visual Studio Solution File, Format Version 12.00
# Visual Studio Version 16
VisualStudioVersion = 16.0.31515.178
MinimumVisualStudioVersion = 10.0.40219.1
Project("{9A19103F-16F7-4668-BE54-9A1E7A4F7556}") = "Ejemplo01_Encapsulacion", "Ejemplo01_Encapsulacion\Ejemplo01_Encapsulacion.csproj", "{A55ACDA9-118A-4E44-A55A-26C5B6F0CBAC}"
	ProjectSection(ProjectDependencies) = postProject
		{02A1F688-0BEE-460D-A0D0-DF384E6735CF} = {02A1F688-0BEE-460D-A0D0-DF384E6735CF}
	EndProjectSection
EndProject
Project("{9A19103F-16F7-4668-BE54-9A1E7A4F7556}") = "Ejemplo02_Herencia", "Ejemplo02_Herencia\Ejemplo02_Herencia.csproj", "{C8859AAC-36BB-4B56-A4A3-E0D9868E3D97}"
EndProject
Project("{9A19103F-16F7-4668-BE54-9A1E7A4F7556}") = "Ejercicio02_Herencia", "Ejercicio02_Herencia\Ejercicio02_Herencia.csproj", "{35EE9814-90A5-47F1-BBC3-708800CED780}"
EndProject
Project("{9A19103F-16F7-4668-BE54-9A1E7A4F7556}") = "Ejemplo03_Interfaces", "Ejemplo03_Interfaces\Ejemplo03_Interfaces.csproj", "{D4D711E2-3EC7-4585-B28B-5547B32C5D17}"
EndProject
Project("{9A19103F-16F7-4668-BE54-9A1E7A4F7556}") = "Ejercicio03_Interfaces", "Ejercicio03_Interfaces\Ejercicio03_Interfaces.csproj", "{628EAF51-4B54-4E48-B86A-9AE175D58B86}"
EndProject
Project("{9A19103F-16F7-4668-BE54-9A1E7A4F7556}") = "Ejemplo04_Excepciones", "Ejemplo04_Excepciones\Ejemplo04_Excepciones.csproj", "{07932883-2594-44CD-B200-D95691EEFCDF}"
EndProject
Project("{FAE04EC0-301F-11D3-BF4B-00C04F79EFBC}") = "Ejemplo05_LibreriaClases", "Ejemplo05_LibreriaClases\Ejemplo05_LibreriaClases.csproj", "{02A1F688-0BEE-460D-A0D0-DF384E6735CF}"
EndProject
Global
	GlobalSection(SolutionConfigurationPlatforms) = preSolution
		Debug|Any CPU = Debug|Any CPU
		Release|Any CPU = Release|Any CPU
	EndGlobalSection
	GlobalSection(ProjectConfigurationPlatforms) = postSolution
		{A55ACDA9-118A-4E44-A55A-26C5B6F0CBAC}.Debug|Any CPU.ActiveCfg = Debug|Any CPU
		{A55ACDA9-118A-4E44-A55A-26C5B6F0CBAC}.Debug|Any CPU.Build.0 = Debug|Any CPU
		{A55ACDA9-118A-4E44-A55A-26C5B6F0CBAC}.Release|Any CPU.ActiveCfg = Release|Any CPU
		{A55ACDA9-118A-4E44-A55A-26C5B6F0CBAC}.Release|Any CPU.Build.0 = Release|Any CPU
		{C8859AAC-36BB-4B56-A4A3-E0D9868E3D97}.Debug|Any CPU.ActiveCfg = Debug|Any CPU
		{C8859AAC-36BB-4B56-A4A3-E0D9868E3D97}.Debug|Any CPU.Build.0 = Debug|Any CPU
		{C8859AAC-36BB-4B56-A4A3-E0D9868E3D97}.Release|Any CPU.ActiveCfg = Release|Any CPU
		{C8859AAC-36BB-4B56-A4A3-E0D9868E3D97}.Release|Any CPU.Build.0 = Release|Any CPU
		{35EE9814-90A5-47F1-BBC3-708800CED780}.Debug|Any CPU.ActiveCfg = Debug|Any CPU
		{35EE9814-90A5-47F1-BBC3-708800CED780}.Debug|Any CPU.Build.0 = Debug|Any CPU
		{35EE9814-90A5-47F1-BBC3-708800CED780}.Release|Any CPU.ActiveCfg = Release|Any CPU
		{35EE9814-90A5-47F1-BBC3-708800CED780}.Release|Any CPU.Build.0 = Release|Any CPU
		{D4D711E2-3EC7-4585-B28B-5547B32C5D17}.Debug|Any CPU.ActiveCfg = Debug|Any CPU
		{D4D711E2-3EC7-4585-B28B-5547B32C5D17}.Debug|Any CPU.Build.0 = Debug|Any CPU
		{D4D711E2-3EC7-4585-B28B-5547B32C5D17}.Release|Any CPU.ActiveCfg = Release|Any CPU
		{D4D711E2-3EC7-4585-B28B-5547B32C5D17}.Release|Any CPU.Build.0 = Release|Any CPU
		{628EAF51-4B54-4E48-B86A-9AE175D58B86}.Debug|Any CPU.ActiveCfg = Debug|Any CPU
		{628EAF51-4B54-4E48-B86A-9AE175D58B86}.Debug|Any CPU.Build.0 = Debug|Any CPU
		{628EAF51-4B54-4E48-B86A-9AE175D58B86}.Release|Any CPU.ActiveCfg = Release|Any CPU
		{628EAF51-4B54-4E48-B86A-9AE175D58B86}.Release|Any CPU.Build.0 = Release|Any CPU
		{07932883-2594-44CD-B200-D95691EEFCDF}.Debug|Any CPU.ActiveCfg = Debug|Any CPU
		{07932883-2594-44CD-B200-D95691EEFCDF}.Debug|Any CPU.Build.0 = Debug|Any CPU
		{07932883-2594-44CD-B200-D95691EEFCDF}.Release|Any CPU.ActiveCfg = Release|Any CPU
		{07932883-2594-44CD-B200-D95691EEFCDF}.Release|Any CPU.Build.0 = Release|Any CPU
		{02A1F688-0BEE-460D-A0D0-DF384E6735CF}.Debug|Any CPU.ActiveCfg = Debug|Any CPU
		{02A1F688-0BEE-460D-A0D0-DF384E6735CF}.Debug|Any CPU.Build.0 = Debug|Any CPU
		{02A1F688-0BEE-460D-A0D0-DF384E6735CF}.Release|Any CPU.ActiveCfg = Release|Any CPU
		{02A1F688-0BEE-460D-A0D0-DF384E6735CF}.Release|Any CPU.Build.0 = Release|Any CPU
	EndGlobalSection
	GlobalSection(SolutionProperties) = preSolution
		HideSolutionNode = FALSE
	EndGlobalSection
	GlobalSection(ExtensibilityGlobals) = postSolution
		SolutionGuid = {4B9A7483-CBCC-452F-941E-1E4F1A6BB1ED}
	EndGlobalSection
EndGlobal
