
Microsoft Visual Studio Solution File, Format Version 12.00
# Visual Studio Version 16
VisualStudioVersion = 16.0.31515.178
MinimumVisualStudioVersion = 10.0.40219.1
Project("{9A19103F-16F7-4668-BE54-9A1E7A4F7556}") = "Ejemplo06_ifElse", "Ejemplo06_ifElse\Ejemplo06_ifElse.csproj", "{D780DE2A-BD73-4C2D-B5E6-032690807EA5}"
EndProject
Project("{FAE04EC0-301F-11D3-BF4B-00C04F79EFBC}") = "Ejemplo08_if_Operadores_Logicos", "Ejemplo08_if_Operadores_Logicos\Ejemplo08_if_Operadores_Logicos.csproj", "{8B082A7D-A916-473F-A37D-53A9386657E3}"
EndProject
Global
	GlobalSection(SolutionConfigurationPlatforms) = preSolution
		Debug|Any CPU = Debug|Any CPU
		Release|Any CPU = Release|Any CPU
	EndGlobalSection
	GlobalSection(ProjectConfigurationPlatforms) = postSolution
		{D780DE2A-BD73-4C2D-B5E6-032690807EA5}.Debug|Any CPU.ActiveCfg = Debug|Any CPU
		{D780DE2A-BD73-4C2D-B5E6-032690807EA5}.Debug|Any CPU.Build.0 = Debug|Any CPU
		{D780DE2A-BD73-4C2D-B5E6-032690807EA5}.Release|Any CPU.ActiveCfg = Release|Any CPU
		{D780DE2A-BD73-4C2D-B5E6-032690807EA5}.Release|Any CPU.Build.0 = Release|Any CPU
		{8B082A7D-A916-473F-A37D-53A9386657E3}.Debug|Any CPU.ActiveCfg = Debug|Any CPU
		{8B082A7D-A916-473F-A37D-53A9386657E3}.Debug|Any CPU.Build.0 = Debug|Any CPU
		{8B082A7D-A916-473F-A37D-53A9386657E3}.Release|Any CPU.ActiveCfg = Release|Any CPU
		{8B082A7D-A916-473F-A37D-53A9386657E3}.Release|Any CPU.Build.0 = Release|Any CPU
	EndGlobalSection
	GlobalSection(SolutionProperties) = preSolution
		HideSolutionNode = FALSE
	EndGlobalSection
	GlobalSection(ExtensibilityGlobals) = postSolution
		SolutionGuid = {6C09F9EF-56DD-4121-8E04-F10CA1E6E092}
	EndGlobalSection
EndGlobal
